// !$*UTF8*$!
{
	archiveVersion = 1;
	classes = {
	};
	objectVersion = 55;
	objects = {

/* Begin PBXBuildFile section */
		386E629E281A0067007D06B8 /* RecipeHelperApp.swift in Sources */ = {isa = PBXBuildFile; fileRef = 386E629D281A0067007D06B8 /* RecipeHelperApp.swift */; };
		386E62A0281A0067007D06B8 /* ContentView.swift in Sources */ = {isa = PBXBuildFile; fileRef = 386E629F281A0067007D06B8 /* ContentView.swift */; };
		386E62A2281A0069007D06B8 /* Assets.xcassets in Resources */ = {isa = PBXBuildFile; fileRef = 386E62A1281A0069007D06B8 /* Assets.xcassets */; };
		386E62A5281A0069007D06B8 /* Preview Assets.xcassets in Resources */ = {isa = PBXBuildFile; fileRef = 386E62A4281A0069007D06B8 /* Preview Assets.xcassets */; };
		386E62AF281A0069007D06B8 /* RecipeHelperTests.swift in Sources */ = {isa = PBXBuildFile; fileRef = 386E62AE281A0069007D06B8 /* RecipeHelperTests.swift */; };
		386E62B9281A0069007D06B8 /* RecipeHelperUITests.swift in Sources */ = {isa = PBXBuildFile; fileRef = 386E62B8281A0069007D06B8 /* RecipeHelperUITests.swift */; };
		386E62BB281A0069007D06B8 /* RecipeHelperUITestsLaunchTests.swift in Sources */ = {isa = PBXBuildFile; fileRef = 386E62BA281A0069007D06B8 /* RecipeHelperUITestsLaunchTests.swift */; };
		38B72F87281B138B00FDE47A /* AccountView.swift in Sources */ = {isa = PBXBuildFile; fileRef = 38B72F86281B138B00FDE47A /* AccountView.swift */; };
		38B72F89281C5B7700FDE47A /* RecipeView.swift in Sources */ = {isa = PBXBuildFile; fileRef = 38B72F88281C5B7700FDE47A /* RecipeView.swift */; };
		38B72F8B281C5ECA00FDE47A /* HomeView.swift in Sources */ = {isa = PBXBuildFile; fileRef = 38B72F8A281C5ECA00FDE47A /* HomeView.swift */; };
/* End PBXBuildFile section */

/* Begin PBXContainerItemProxy section */
		386E62AB281A0069007D06B8 /* PBXContainerItemProxy */ = {
			isa = PBXContainerItemProxy;
			containerPortal = 386E6292281A0067007D06B8 /* Project object */;
			proxyType = 1;
			remoteGlobalIDString = 386E6299281A0067007D06B8;
			remoteInfo = RecipeHelper;
		};
		386E62B5281A0069007D06B8 /* PBXContainerItemProxy */ = {
			isa = PBXContainerItemProxy;
			containerPortal = 386E6292281A0067007D06B8 /* Project object */;
			proxyType = 1;
			remoteGlobalIDString = 386E6299281A0067007D06B8;
			remoteInfo = RecipeHelper;
		};
/* End PBXContainerItemProxy section */

/* Begin PBXFileReference section */
		386E629A281A0067007D06B8 /* RecipeHelper.app */ = {isa = PBXFileReference; explicitFileType = wrapper.application; includeInIndex = 0; path = RecipeHelper.app; sourceTree = BUILT_PRODUCTS_DIR; };
		386E629D281A0067007D06B8 /* RecipeHelperApp.swift */ = {isa = PBXFileReference; lastKnownFileType = sourcecode.swift; path = RecipeHelperApp.swift; sourceTree = "<group>"; };
		386E629F281A0067007D06B8 /* ContentView.swift */ = {isa = PBXFileReference; lastKnownFileType = sourcecode.swift; path = ContentView.swift; sourceTree = "<group>"; };
		386E62A1281A0069007D06B8 /* Assets.xcassets */ = {isa = PBXFileReference; lastKnownFileType = folder.assetcatalog; path = Assets.xcassets; sourceTree = "<group>"; };
		386E62A4281A0069007D06B8 /* Preview Assets.xcassets */ = {isa = PBXFileReference; lastKnownFileType = folder.assetcatalog; path = "Preview Assets.xcassets"; sourceTree = "<group>"; };
		386E62AA281A0069007D06B8 /* RecipeHelperTests.xctest */ = {isa = PBXFileReference; explicitFileType = wrapper.cfbundle; includeInIndex = 0; path = RecipeHelperTests.xctest; sourceTree = BUILT_PRODUCTS_DIR; };
		386E62AE281A0069007D06B8 /* RecipeHelperTests.swift */ = {isa = PBXFileReference; lastKnownFileType = sourcecode.swift; path = RecipeHelperTests.swift; sourceTree = "<group>"; };
		386E62B4281A0069007D06B8 /* RecipeHelperUITests.xctest */ = {isa = PBXFileReference; explicitFileType = wrapper.cfbundle; includeInIndex = 0; path = RecipeHelperUITests.xctest; sourceTree = BUILT_PRODUCTS_DIR; };
		386E62B8281A0069007D06B8 /* RecipeHelperUITests.swift */ = {isa = PBXFileReference; lastKnownFileType = sourcecode.swift; path = RecipeHelperUITests.swift; sourceTree = "<group>"; };
		386E62BA281A0069007D06B8 /* RecipeHelperUITestsLaunchTests.swift */ = {isa = PBXFileReference; lastKnownFileType = sourcecode.swift; path = RecipeHelperUITestsLaunchTests.swift; sourceTree = "<group>"; };
		38B72F86281B138B00FDE47A /* AccountView.swift */ = {isa = PBXFileReference; lastKnownFileType = sourcecode.swift; path = AccountView.swift; sourceTree = "<group>"; };
		38B72F88281C5B7700FDE47A /* RecipeView.swift */ = {isa = PBXFileReference; lastKnownFileType = sourcecode.swift; path = RecipeView.swift; sourceTree = "<group>"; };
		38B72F8A281C5ECA00FDE47A /* HomeView.swift */ = {isa = PBXFileReference; lastKnownFileType = sourcecode.swift; path = HomeView.swift; sourceTree = "<group>"; };
/* End PBXFileReference section */

/* Begin PBXFrameworksBuildPhase section */
		386E6297281A0067007D06B8 /* Frameworks */ = {
			isa = PBXFrameworksBuildPhase;
			buildActionMask = 2147483647;
			files = (
			);
			runOnlyForDeploymentPostprocessing = 0;
		};
		386E62A7281A0069007D06B8 /* Frameworks */ = {
			isa = PBXFrameworksBuildPhase;
			buildActionMask = 2147483647;
			files = (
			);
			runOnlyForDeploymentPostprocessing = 0;
		};
		386E62B1281A0069007D06B8 /* Frameworks */ = {
			isa = PBXFrameworksBuildPhase;
			buildActionMask = 2147483647;
			files = (
			);
			runOnlyForDeploymentPostprocessing = 0;
		};
/* End PBXFrameworksBuildPhase section */

/* Begin PBXGroup section */
		386E6291281A0067007D06B8 = {
			isa = PBXGroup;
			children = (
				386E629C281A0067007D06B8 /* RecipeHelper */,
				386E62B7281A0069007D06B8 /* RecipeHelperUITests */,
				386E629B281A0067007D06B8 /* Products */,
			);
			sourceTree = "<group>";
		};
		386E629B281A0067007D06B8 /* Products */ = {
			isa = PBXGroup;
			children = (
				386E629A281A0067007D06B8 /* RecipeHelper.app */,
				386E62AA281A0069007D06B8 /* RecipeHelperTests.xctest */,
				386E62B4281A0069007D06B8 /* RecipeHelperUITests.xctest */,
			);
			name = Products;
			sourceTree = "<group>";
		};
		386E629C281A0067007D06B8 /* RecipeHelper */ = {
			isa = PBXGroup;
			children = (
				386E629D281A0067007D06B8 /* RecipeHelperApp.swift */,
				386E629F281A0067007D06B8 /* ContentView.swift */,
				38B72F8A281C5ECA00FDE47A /* HomeView.swift */,
				38B72F88281C5B7700FDE47A /* RecipeView.swift */,
				38B72F86281B138B00FDE47A /* AccountView.swift */,
				386E62A1281A0069007D06B8 /* Assets.xcassets */,
				386E62AD281A0069007D06B8 /* RecipeHelperTests */,
				386E62A3281A0069007D06B8 /* Preview Content */,
			);
			path = RecipeHelper;
			sourceTree = "<group>";
		};
		386E62A3281A0069007D06B8 /* Preview Content */ = {
			isa = PBXGroup;
			children = (
				386E62A4281A0069007D06B8 /* Preview Assets.xcassets */,
			);
			path = "Preview Content";
			sourceTree = "<group>";
		};
		386E62AD281A0069007D06B8 /* RecipeHelperTests */ = {
			isa = PBXGroup;
			children = (
				386E62AE281A0069007D06B8 /* RecipeHelperTests.swift */,
			);
			path = RecipeHelperTests;
			sourceTree = "<group>";
		};
		386E62B7281A0069007D06B8 /* RecipeHelperUITests */ = {
			isa = PBXGroup;
			children = (
				386E62B8281A0069007D06B8 /* RecipeHelperUITests.swift */,
				386E62BA281A0069007D06B8 /* RecipeHelperUITestsLaunchTests.swift */,
			);
			path = RecipeHelperUITests;
			sourceTree = "<group>";
		};
/* End PBXGroup section */

/* Begin PBXNativeTarget section */
		386E6299281A0067007D06B8 /* RecipeHelper */ = {
			isa = PBXNativeTarget;
			buildConfigurationList = 386E62BE281A0069007D06B8 /* Build configuration list for PBXNativeTarget "RecipeHelper" */;
			buildPhases = (
				386E6296281A0067007D06B8 /* Sources */,
				386E6297281A0067007D06B8 /* Frameworks */,
				386E6298281A0067007D06B8 /* Resources */,
			);
			buildRules = (
			);
			dependencies = (
			);
			name = RecipeHelper;
			productName = RecipeHelper;
			productReference = 386E629A281A0067007D06B8 /* RecipeHelper.app */;
			productType = "com.apple.product-type.application";
		};
		386E62A9281A0069007D06B8 /* RecipeHelperTests */ = {
			isa = PBXNativeTarget;
			buildConfigurationList = 386E62C1281A0069007D06B8 /* Build configuration list for PBXNativeTarget "RecipeHelperTests" */;
			buildPhases = (
				386E62A6281A0069007D06B8 /* Sources */,
				386E62A7281A0069007D06B8 /* Frameworks */,
				386E62A8281A0069007D06B8 /* Resources */,
			);
			buildRules = (
			);
			dependencies = (
				386E62AC281A0069007D06B8 /* PBXTargetDependency */,
			);
			name = RecipeHelperTests;
			productName = RecipeHelperTests;
			productReference = 386E62AA281A0069007D06B8 /* RecipeHelperTests.xctest */;
			productType = "com.apple.product-type.bundle.unit-test";
		};
		386E62B3281A0069007D06B8 /* RecipeHelperUITests */ = {
			isa = PBXNativeTarget;
			buildConfigurationList = 386E62C4281A0069007D06B8 /* Build configuration list for PBXNativeTarget "RecipeHelperUITests" */;
			buildPhases = (
				386E62B0281A0069007D06B8 /* Sources */,
				386E62B1281A0069007D06B8 /* Frameworks */,
				386E62B2281A0069007D06B8 /* Resources */,
			);
			buildRules = (
			);
			dependencies = (
				386E62B6281A0069007D06B8 /* PBXTargetDependency */,
			);
			name = RecipeHelperUITests;
			productName = RecipeHelperUITests;
			productReference = 386E62B4281A0069007D06B8 /* RecipeHelperUITests.xctest */;
			productType = "com.apple.product-type.bundle.ui-testing";
		};
/* End PBXNativeTarget section */

/* Begin PBXProject section */
		386E6292281A0067007D06B8 /* Project object */ = {
			isa = PBXProject;
			attributes = {
				BuildIndependentTargetsInParallel = 1;
				LastSwiftUpdateCheck = 1330;
				LastUpgradeCheck = 1330;
				TargetAttributes = {
					386E6299281A0067007D06B8 = {
						CreatedOnToolsVersion = 13.3.1;
					};
					386E62A9281A0069007D06B8 = {
						CreatedOnToolsVersion = 13.3.1;
						TestTargetID = 386E6299281A0067007D06B8;
					};
					386E62B3281A0069007D06B8 = {
						CreatedOnToolsVersion = 13.3.1;
						TestTargetID = 386E6299281A0067007D06B8;
					};
				};
			};
			buildConfigurationList = 386E6295281A0067007D06B8 /* Build configuration list for PBXProject "RecipeHelper" */;
			compatibilityVersion = "Xcode 13.0";
			developmentRegion = en;
			hasScannedForEncodings = 0;
			knownRegions = (
				en,
				Base,
			);
			mainGroup = 386E6291281A0067007D06B8;
			productRefGroup = 386E629B281A0067007D06B8 /* Products */;
			projectDirPath = "";
			projectRoot = "";
			targets = (
				386E6299281A0067007D06B8 /* RecipeHelper */,
				386E62A9281A0069007D06B8 /* RecipeHelperTests */,
				386E62B3281A0069007D06B8 /* RecipeHelperUITests */,
			);
		};
/* End PBXProject section */

/* Begin PBXResourcesBuildPhase section */
		386E6298281A0067007D06B8 /* Resources */ = {
			isa = PBXResourcesBuildPhase;
			buildActionMask = 2147483647;
			files = (
				386E62A5281A0069007D06B8 /* Preview Assets.xcassets in Resources */,
				386E62A2281A0069007D06B8 /* Assets.xcassets in Resources */,
			);
			runOnlyForDeploymentPostprocessing = 0;
		};
		386E62A8281A0069007D06B8 /* Resources */ = {
			isa = PBXResourcesBuildPhase;
			buildActionMask = 2147483647;
			files = (
			);
			runOnlyForDeploymentPostprocessing = 0;
		};
		386E62B2281A0069007D06B8 /* Resources */ = {
			isa = PBXResourcesBuildPhase;
			buildActionMask = 2147483647;
			files = (
			);
			runOnlyForDeploymentPostprocessing = 0;
		};
/* End PBXResourcesBuildPhase section */

/* Begin PBXSourcesBuildPhase section */
		386E6296281A0067007D06B8 /* Sources */ = {
			isa = PBXSourcesBuildPhase;
			buildActionMask = 2147483647;
			files = (
				38B72F87281B138B00FDE47A /* AccountView.swift in Sources */,
				386E62A0281A0067007D06B8 /* ContentView.swift in Sources */,
				38B72F89281C5B7700FDE47A /* RecipeView.swift in Sources */,
				38B72F8B281C5ECA00FDE47A /* HomeView.swift in Sources */,
				386E629E281A0067007D06B8 /* RecipeHelperApp.swift in Sources */,
			);
			runOnlyForDeploymentPostprocessing = 0;
		};
		386E62A6281A0069007D06B8 /* Sources */ = {
			isa = PBXSourcesBuildPhase;
			buildActionMask = 2147483647;
			files = (
				386E62AF281A0069007D06B8 /* RecipeHelperTests.swift in Sources */,
			);
			runOnlyForDeploymentPostprocessing = 0;
		};
		386E62B0281A0069007D06B8 /* Sources */ = {
			isa = PBXSourcesBuildPhase;
			buildActionMask = 2147483647;
			files = (
				386E62BB281A0069007D06B8 /* RecipeHelperUITestsLaunchTests.swift in Sources */,
				386E62B9281A0069007D06B8 /* RecipeHelperUITests.swift in Sources */,
			);
			runOnlyForDeploymentPostprocessing = 0;
		};
/* End PBXSourcesBuildPhase section */

/* Begin PBXTargetDependency section */
		386E62AC281A0069007D06B8 /* PBXTargetDependency */ = {
			isa = PBXTargetDependency;
			target = 386E6299281A0067007D06B8 /* RecipeHelper */;
			targetProxy = 386E62AB281A0069007D06B8 /* PBXContainerItemProxy */;
		};
		386E62B6281A0069007D06B8 /* PBXTargetDependency */ = {
			isa = PBXTargetDependency;
			target = 386E6299281A0067007D06B8 /* RecipeHelper */;
			targetProxy = 386E62B5281A0069007D06B8 /* PBXContainerItemProxy */;
		};
/* End PBXTargetDependency section */

/* Begin XCBuildConfiguration section */
		386E62BC281A0069007D06B8 /* Debug */ = {
			isa = XCBuildConfiguration;
			buildSettings = {
				ALWAYS_SEARCH_USER_PATHS = NO;
				CLANG_ANALYZER_NONNULL = YES;
				CLANG_ANALYZER_NUMBER_OBJECT_CONVERSION = YES_AGGRESSIVE;
				CLANG_CXX_LANGUAGE_STANDARD = "gnu++17";
				CLANG_ENABLE_MODULES = YES;
				CLANG_ENABLE_OBJC_ARC = YES;
				CLANG_ENABLE_OBJC_WEAK = YES;
				CLANG_WARN_BLOCK_CAPTURE_AUTORELEASING = YES;
				CLANG_WARN_BOOL_CONVERSION = YES;
				CLANG_WARN_COMMA = YES;
				CLANG_WARN_CONSTANT_CONVERSION = YES;
				CLANG_WARN_DEPRECATED_OBJC_IMPLEMENTATIONS = YES;
				CLANG_WARN_DIRECT_OBJC_ISA_USAGE = YES_ERROR;
				CLANG_WARN_DOCUMENTATION_COMMENTS = YES;
				CLANG_WARN_EMPTY_BODY = YES;
				CLANG_WARN_ENUM_CONVERSION = YES;
				CLANG_WARN_INFINITE_RECURSION = YES;
				CLANG_WARN_INT_CONVERSION = YES;
				CLANG_WARN_NON_LITERAL_NULL_CONVERSION = YES;
				CLANG_WARN_OBJC_IMPLICIT_RETAIN_SELF = YES;
				CLANG_WARN_OBJC_LITERAL_CONVERSION = YES;
				CLANG_WARN_OBJC_ROOT_CLASS = YES_ERROR;
				CLANG_WARN_QUOTED_INCLUDE_IN_FRAMEWORK_HEADER = YES;
				CLANG_WARN_RANGE_LOOP_ANALYSIS = YES;
				CLANG_WARN_STRICT_PROTOTYPES = YES;
				CLANG_WARN_SUSPICIOUS_MOVE = YES;
				CLANG_WARN_UNGUARDED_AVAILABILITY = YES_AGGRESSIVE;
				CLANG_WARN_UNREACHABLE_CODE = YES;
				CLANG_WARN__DUPLICATE_METHOD_MATCH = YES;
				COPY_PHASE_STRIP = NO;
				DEBUG_INFORMATION_FORMAT = dwarf;
				ENABLE_STRICT_OBJC_MSGSEND = YES;
				ENABLE_TESTABILITY = YES;
				GCC_C_LANGUAGE_STANDARD = gnu11;
				GCC_DYNAMIC_NO_PIC = NO;
				GCC_NO_COMMON_BLOCKS = YES;
				GCC_OPTIMIZATION_LEVEL = 0;
				GCC_PREPROCESSOR_DEFINITIONS = (
					"DEBUG=1",
					"$(inherited)",
				);
				GCC_WARN_64_TO_32_BIT_CONVERSION = YES;
				GCC_WARN_ABOUT_RETURN_TYPE = YES_ERROR;
				GCC_WARN_UNDECLARED_SELECTOR = YES;
				GCC_WARN_UNINITIALIZED_AUTOS = YES_AGGRESSIVE;
				GCC_WARN_UNUSED_FUNCTION = YES;
				GCC_WARN_UNUSED_VARIABLE = YES;
				IPHONEOS_DEPLOYMENT_TARGET = 15.4;
				MTL_ENABLE_DEBUG_INFO = INCLUDE_SOURCE;
				MTL_FAST_MATH = YES;
				ONLY_ACTIVE_ARCH = YES;
				SDKROOT = iphoneos;
				SWIFT_ACTIVE_COMPILATION_CONDITIONS = DEBUG;
				SWIFT_OPTIMIZATION_LEVEL = "-Onone";
			};
			name = Debug;
		};
		386E62BD281A0069007D06B8 /* Release */ = {
			isa = XCBuildConfiguration;
			buildSettings = {
				ALWAYS_SEARCH_USER_PATHS = NO;
				CLANG_ANALYZER_NONNULL = YES;
				CLANG_ANALYZER_NUMBER_OBJECT_CONVERSION = YES_AGGRESSIVE;
				CLANG_CXX_LANGUAGE_STANDARD = "gnu++17";
				CLANG_ENABLE_MODULES = YES;
				CLANG_ENABLE_OBJC_ARC = YES;
				CLANG_ENABLE_OBJC_WEAK = YES;
				CLANG_WARN_BLOCK_CAPTURE_AUTORELEASING = YES;
				CLANG_WARN_BOOL_CONVERSION = YES;
				CLANG_WARN_COMMA = YES;
				CLANG_WARN_CONSTANT_CONVERSION = YES;
				CLANG_WARN_DEPRECATED_OBJC_IMPLEMENTATIONS = YES;
				CLANG_WARN_DIRECT_OBJC_ISA_USAGE = YES_ERROR;
				CLANG_WARN_DOCUMENTATION_COMMENTS = YES;
				CLANG_WARN_EMPTY_BODY = YES;
				CLANG_WARN_ENUM_CONVERSION = YES;
				CLANG_WARN_INFINITE_RECURSION = YES;
				CLANG_WARN_INT_CONVERSION = YES;
				CLANG_WARN_NON_LITERAL_NULL_CONVERSION = YES;
				CLANG_WARN_OBJC_IMPLICIT_RETAIN_SELF = YES;
				CLANG_WARN_OBJC_LITERAL_CONVERSION = YES;
				CLANG_WARN_OBJC_ROOT_CLASS = YES_ERROR;
				CLANG_WARN_QUOTED_INCLUDE_IN_FRAMEWORK_HEADER = YES;
				CLANG_WARN_RANGE_LOOP_ANALYSIS = YES;
				CLANG_WARN_STRICT_PROTOTYPES = YES;
				CLANG_WARN_SUSPICIOUS_MOVE = YES;
				CLANG_WARN_UNGUARDED_AVAILABILITY = YES_AGGRESSIVE;
				CLANG_WARN_UNREACHABLE_CODE = YES;
				CLANG_WARN__DUPLICATE_METHOD_MATCH = YES;
				COPY_PHASE_STRIP = NO;
				DEBUG_INFORMATION_FORMAT = "dwarf-with-dsym";
				ENABLE_NS_ASSERTIONS = NO;
				ENABLE_STRICT_OBJC_MSGSEND = YES;
				GCC_C_LANGUAGE_STANDARD = gnu11;
				GCC_NO_COMMON_BLOCKS = YES;
				GCC_WARN_64_TO_32_BIT_CONVERSION = YES;
				GCC_WARN_ABOUT_RETURN_TYPE = YES_ERROR;
				GCC_WARN_UNDECLARED_SELECTOR = YES;
				GCC_WARN_UNINITIALIZED_AUTOS = YES_AGGRESSIVE;
				GCC_WARN_UNUSED_FUNCTION = YES;
				GCC_WARN_UNUSED_VARIABLE = YES;
				IPHONEOS_DEPLOYMENT_TARGET = 15.4;
				MTL_ENABLE_DEBUG_INFO = NO;
				MTL_FAST_MATH = YES;
				SDKROOT = iphoneos;
				SWIFT_COMPILATION_MODE = wholemodule;
				SWIFT_OPTIMIZATION_LEVEL = "-O";
				VALIDATE_PRODUCT = YES;
			};
			name = Release;
		};
		386E62BF281A0069007D06B8 /* Debug */ = {
			isa = XCBuildConfiguration;
			buildSettings = {
				ASSETCATALOG_COMPILER_APPICON_NAME = AppIcon;
				ASSETCATALOG_COMPILER_GLOBAL_ACCENT_COLOR_NAME = AccentColor;
				CODE_SIGN_STYLE = Automatic;
				CURRENT_PROJECT_VERSION = 1;
				DEVELOPMENT_ASSET_PATHS = "\"RecipeHelper/Preview Content\"";
				ENABLE_PREVIEWS = YES;
				GENERATE_INFOPLIST_FILE = YES;
				INFOPLIST_KEY_UIApplicationSceneManifest_Generation = YES;
				INFOPLIST_KEY_UIApplicationSupportsIndirectInputEvents = YES;
				INFOPLIST_KEY_UILaunchScreen_Generation = YES;
				INFOPLIST_KEY_UISupportedInterfaceOrientations_iPad = "UIInterfaceOrientationPortrait UIInterfaceOrientationPortraitUpsideDown UIInterfaceOrientationLandscapeLeft UIInterfaceOrientationLandscapeRight";
				INFOPLIST_KEY_UISupportedInterfaceOrientations_iPhone = "UIInterfaceOrientationPortrait UIInterfaceOrientationLandscapeLeft UIInterfaceOrientationLandscapeRight";
				LD_RUNPATH_SEARCH_PATHS = (
					"$(inherited)",
					"@executable_path/Frameworks",
				);
				MARKETING_VERSION = 1.0;
				PRODUCT_BUNDLE_IDENTIFIER = com.quintonprice.RecipeHelper;
				PRODUCT_NAME = "$(TARGET_NAME)";
				SWIFT_EMIT_LOC_STRINGS = YES;
				SWIFT_VERSION = 5.0;
				TARGETED_DEVICE_FAMILY = "1,2";
			};
			name = Debug;
		};
		386E62C0281A0069007D06B8 /* Release */ = {
			isa = XCBuildConfiguration;
			buildSettings = {
				ASSETCATALOG_COMPILER_APPICON_NAME = AppIcon;
				ASSETCATALOG_COMPILER_GLOBAL_ACCENT_COLOR_NAME = AccentColor;
				CODE_SIGN_STYLE = Automatic;
				CURRENT_PROJECT_VERSION = 1;
				DEVELOPMENT_ASSET_PATHS = "\"RecipeHelper/Preview Content\"";
				ENABLE_PREVIEWS = YES;
				GENERATE_INFOPLIST_FILE = YES;
				INFOPLIST_KEY_UIApplicationSceneManifest_Generation = YES;
				INFOPLIST_KEY_UIApplicationSupportsIndirectInputEvents = YES;
				INFOPLIST_KEY_UILaunchScreen_Generation = YES;
				INFOPLIST_KEY_UISupportedInterfaceOrientations_iPad = "UIInterfaceOrientationPortrait UIInterfaceOrientationPortraitUpsideDown UIInterfaceOrientationLandscapeLeft UIInterfaceOrientationLandscapeRight";
				INFOPLIST_KEY_UISupportedInterfaceOrientations_iPhone = "UIInterfaceOrientationPortrait UIInterfaceOrientationLandscapeLeft UIInterfaceOrientationLandscapeRight";
				LD_RUNPATH_SEARCH_PATHS = (
					"$(inherited)",
					"@executable_path/Frameworks",
				);
				MARKETING_VERSION = 1.0;
				PRODUCT_BUNDLE_IDENTIFIER = com.quintonprice.RecipeHelper;
				PRODUCT_NAME = "$(TARGET_NAME)";
				SWIFT_EMIT_LOC_STRINGS = YES;
				SWIFT_VERSION = 5.0;
				TARGETED_DEVICE_FAMILY = "1,2";
			};
			name = Release;
		};
		386E62C2281A0069007D06B8 /* Debug */ = {
			isa = XCBuildConfiguration;
			buildSettings = {
				ALWAYS_EMBED_SWIFT_STANDARD_LIBRARIES = YES;
				BUNDLE_LOADER = "$(TEST_HOST)";
				CODE_SIGN_STYLE = Automatic;
				CURRENT_PROJECT_VERSION = 1;
				GENERATE_INFOPLIST_FILE = YES;
				IPHONEOS_DEPLOYMENT_TARGET = 15.4;
				MARKETING_VERSION = 1.0;
				PRODUCT_BUNDLE_IDENTIFIER = com.quintonprice.RecipeHelperTests;
				PRODUCT_NAME = "$(TARGET_NAME)";
				SWIFT_EMIT_LOC_STRINGS = NO;
				SWIFT_VERSION = 5.0;
				TARGETED_DEVICE_FAMILY = "1,2";
				TEST_HOST = "$(BUILT_PRODUCTS_DIR)/RecipeHelper.app/RecipeHelper";
			};
			name = Debug;
		};
		386E62C3281A0069007D06B8 /* Release */ = {
			isa = XCBuildConfiguration;
			buildSettings = {
				ALWAYS_EMBED_SWIFT_STANDARD_LIBRARIES = YES;
				BUNDLE_LOADER = "$(TEST_HOST)";
				CODE_SIGN_STYLE = Automatic;
				CURRENT_PROJECT_VERSION = 1;
				GENERATE_INFOPLIST_FILE = YES;
				IPHONEOS_DEPLOYMENT_TARGET = 15.4;
				MARKETING_VERSION = 1.0;
				PRODUCT_BUNDLE_IDENTIFIER = com.quintonprice.RecipeHelperTests;
				PRODUCT_NAME = "$(TARGET_NAME)";
				SWIFT_EMIT_LOC_STRINGS = NO;
				SWIFT_VERSION = 5.0;
				TARGETED_DEVICE_FAMILY = "1,2";
				TEST_HOST = "$(BUILT_PRODUCTS_DIR)/RecipeHelper.app/RecipeHelper";
			};
			name = Release;
		};
		386E62C5281A0069007D06B8 /* Debug */ = {
			isa = XCBuildConfiguration;
			buildSettings = {
				ALWAYS_EMBED_SWIFT_STANDARD_LIBRARIES = YES;
				CODE_SIGN_STYLE = Automatic;
				CURRENT_PROJECT_VERSION = 1;
				GENERATE_INFOPLIST_FILE = YES;
				MARKETING_VERSION = 1.0;
				PRODUCT_BUNDLE_IDENTIFIER = com.quintonprice.RecipeHelperUITests;
				PRODUCT_NAME = "$(TARGET_NAME)";
				SWIFT_EMIT_LOC_STRINGS = NO;
				SWIFT_VERSION = 5.0;
				TARGETED_DEVICE_FAMILY = "1,2";
				TEST_TARGET_NAME = RecipeHelper;
			};
			name = Debug;
		};
		386E62C6281A0069007D06B8 /* Release */ = {
			isa = XCBuildConfiguration;
			buildSettings = {
				ALWAYS_EMBED_SWIFT_STANDARD_LIBRARIES = YES;
				CODE_SIGN_STYLE = Automatic;
				CURRENT_PROJECT_VERSION = 1;
				GENERATE_INFOPLIST_FILE = YES;
				MARKETING_VERSION = 1.0;
				PRODUCT_BUNDLE_IDENTIFIER = com.quintonprice.RecipeHelperUITests;
				PRODUCT_NAME = "$(TARGET_NAME)";
				SWIFT_EMIT_LOC_STRINGS = NO;
				SWIFT_VERSION = 5.0;
				TARGETED_DEVICE_FAMILY = "1,2";
				TEST_TARGET_NAME = RecipeHelper;
			};
			name = Release;
		};
/* End XCBuildConfiguration section */

/* Begin XCConfigurationList section */
		386E6295281A0067007D06B8 /* Build configuration list for PBXProject "RecipeHelper" */ = {
			isa = XCConfigurationList;
			buildConfigurations = (
				386E62BC281A0069007D06B8 /* Debug */,
				386E62BD281A0069007D06B8 /* Release */,
			);
			defaultConfigurationIsVisible = 0;
			defaultConfigurationName = Release;
		};
		386E62BE281A0069007D06B8 /* Build configuration list for PBXNativeTarget "RecipeHelper" */ = {
			isa = XCConfigurationList;
			buildConfigurations = (
				386E62BF281A0069007D06B8 /* Debug */,
				386E62C0281A0069007D06B8 /* Release */,
			);
			defaultConfigurationIsVisible = 0;
			defaultConfigurationName = Release;
		};
		386E62C1281A0069007D06B8 /* Build configuration list for PBXNativeTarget "RecipeHelperTests" */ = {
			isa = XCConfigurationList;
			buildConfigurations = (
				386E62C2281A0069007D06B8 /* Debug */,
				386E62C3281A0069007D06B8 /* Release */,
			);
			defaultConfigurationIsVisible = 0;
			defaultConfigurationName = Release;
		};
		386E62C4281A0069007D06B8 /* Build configuration list for PBXNativeTarget "RecipeHelperUITests" */ = {
			isa = XCConfigurationList;
			buildConfigurations = (
				386E62C5281A0069007D06B8 /* Debug */,
				386E62C6281A0069007D06B8 /* Release */,
			);
			defaultConfigurationIsVisible = 0;
			defaultConfigurationName = Release;
		};
/* End XCConfigurationList section */
	};
	rootObject = 386E6292281A0067007D06B8 /* Project object */;
}
